
Microsoft Visual Studio Solution File, Format Version 12.00
# Visual Studio Version 17
VisualStudioVersion = 17.8.34511.84
MinimumVisualStudioVersion = 10.0.40219.1
Project("{FAE04EC0-301F-11D3-BF4B-00C04F79EFBC}") = "COMP003A.lectureactivity3.", "..\COMP003A.lectureactivity3\COMP003A.lectureactivity3\COMP003A.lectureactivity3..csproj", "{37A65373-8CC5-4FBD-AB38-4D1380F81B3C}"
EndProject
Global
	GlobalSection(SolutionConfigurationPlatforms) = preSolution
		Debug|Any CPU = Debug|Any CPU
		Release|Any CPU = Release|Any CPU
	EndGlobalSection
	GlobalSection(ProjectConfigurationPlatforms) = postSolution
		{37A65373-8CC5-4FBD-AB38-4D1380F81B3C}.Debug|Any CPU.ActiveCfg = Debug|Any CPU
		{37A65373-8CC5-4FBD-AB38-4D1380F81B3C}.Debug|Any CPU.Build.0 = Debug|Any CPU
		{37A65373-8CC5-4FBD-AB38-4D1380F81B3C}.Release|Any CPU.ActiveCfg = Release|Any CPU
		{37A65373-8CC5-4FBD-AB38-4D1380F81B3C}.Release|Any CPU.Build.0 = Release|Any CPU
	EndGlobalSection
	GlobalSection(SolutionProperties) = preSolution
		HideSolutionNode = FALSE
	EndGlobalSection
	GlobalSection(ExtensibilityGlobals) = postSolution
		SolutionGuid = {C650F82E-7673-4D4B-A68D-ED07B1D2E53E}
	EndGlobalSection
EndGlobal
